
Microsoft Visual Studio Solution File, Format Version 12.00
# Visual Studio Version 17
VisualStudioVersion = 17.14.36203.30 d17.14
MinimumVisualStudioVersion = 10.0.40219.1
Project("{FAE04EC0-301F-11D3-BF4B-00C04F79EFBC}") = "Boss_Tracker", "Boss_Tracker.csproj", "{D4D71E9E-25D9-472F-A4AB-227E3A6807F5}"
EndProject
Global
	GlobalSection(SolutionConfigurationPlatforms) = preSolution
		Debug|Any CPU = Debug|Any CPU
		Release|Any CPU = Release|Any CPU
	EndGlobalSection
	GlobalSection(ProjectConfigurationPlatforms) = postSolution
		{D4D71E9E-25D9-472F-A4AB-227E3A6807F5}.Debug|Any CPU.ActiveCfg = Debug|Any CPU
		{D4D71E9E-25D9-472F-A4AB-227E3A6807F5}.Debug|Any CPU.Build.0 = Debug|Any CPU
		{D4D71E9E-25D9-472F-A4AB-227E3A6807F5}.Release|Any CPU.ActiveCfg = Release|Any CPU
		{D4D71E9E-25D9-472F-A4AB-227E3A6807F5}.Release|Any CPU.Build.0 = Release|Any CPU
	EndGlobalSection
	GlobalSection(SolutionProperties) = preSolution
		HideSolutionNode = FALSE
	EndGlobalSection
	GlobalSection(ExtensibilityGlobals) = postSolution
		SolutionGuid = {4794E2CC-B6D9-4DBD-83B3-E149A954BAC0}
	EndGlobalSection
EndGlobal
